[[package]]
name = "colorama"
version = "0.4.6"
description = "Cross-platform colored terminal text."
category = "main"
optional = false
python-versions = "!=3.0.*,!=3.1.*,!=3.2.*,!=3.3.*,!=3.4.*,!=3.5.*,!=3.6.*,>=2.7"

[[package]]
name = "exceptiongroup"
version = "1.1.3"
description = "Backport of PEP 654 (exception groups)"
category = "main"
optional = false
python-versions = ">=3.7"

[package.extras]
test = ["pytest (>=6)"]

[[package]]
name = "iniconfig"
version = "2.0.0"
description = "brain-dead simple config-ini parsing"
category = "main"
optional = false
python-versions = ">=3.7"

[[package]]
name = "line-profiler"
version = "4.1.0"
description = "Line-by-line profiler"
category = "main"
optional = false
python-versions = ">=3.6"

[package.extras]
all = ["Cython (==3.0.0a11)", "Cython (>=0.29.24,<=3.0.0a11)", "IPython (>=7.14.0)", "IPython (>=7.18.0)", "IPython (>=8.12.2)", "IPython (>=8.14.0)", "cibuildwheel (>=2.11.2)", "cibuildwheel (>=2.11.2)", "cibuildwheel (>=2.11.2)", "cibuildwheel (>=2.11.2)", "cibuildwheel (>=2.11.2)", "cibuildwheel (>=2.8.1)", "cmake (>=3.21.2)", "coverage[toml] (>=5.3)", "ninja (>=1.10.2)", "pytest (>=4.6.0)", "pytest (>=4.6.0)", "pytest (>=4.6.0,<=4.6.11)", "pytest (>=4.6.0,<=4.6.11)", "pytest (>=4.6.0,<=6.1.2)", "pytest (>=6.2.5)", "pytest-cov (>=2.8.1)", "pytest-cov (>=2.8.1)", "pytest-cov (>=2.9.0)", "pytest-cov (>=3.0.0)", "rich (>=12.3.0)", "scikit-build (>=0.11.1)", "ubelt (>=1.3.3)", "xdoctest (>=1.1.1)"]
all-strict = ["Cython (==0.29.24)", "Cython (==3.0.0a11)", "IPython (==7.14.0)", "IPython (==7.18.0)", "IPython (==8.12.2)", "IPython (==8.14.0)", "cibuildwheel (==2.11.2)", "cibuildwheel (==2.11.2)", "cibuildwheel (==2.11.2)", "cibuildwheel (==2.11.2)", "cibuildwheel (==2.11.2)", "cibuildwheel (==2.8.1)", "cmake (==3.21.2)", "coverage[toml] (==5.3)", "ninja (==1.10.2)", "pytest (==4.6.0)", "pytest (==4.6.0)", "pytest (==4.6.0)", "pytest (==4.6.0)", "pytest (==4.6.0)", "pytest (==6.2.5)", "pytest-cov (==2.8.1)", "pytest-cov (==2.8.1)", "pytest-cov (==2.9.0)", "pytest-cov (==3.0.0)", "rich (==12.3.0)", "scikit-build (==0.11.1)", "ubelt (==1.3.3)", "xdoctest (==1.1.1)"]
ipython = ["IPython (>=7.14.0)", "IPython (>=7.18.0)", "IPython (>=8.12.2)", "IPython (>=8.14.0)"]
ipython-strict = ["IPython (==7.14.0)", "IPython (==7.18.0)", "IPython (==8.12.2)", "IPython (==8.14.0)"]
optional = ["rich (>=12.3.0)"]
optional-strict = ["rich (==12.3.0)"]
tests = ["IPython (>=7.14.0)", "IPython (>=7.18.0)", "IPython (>=8.12.2)", "IPython (>=8.14.0)", "coverage[toml] (>=5.3)", "pytest (>=4.6.0)", "pytest (>=4.6.0)", "pytest (>=4.6.0,<=4.6.11)", "pytest (>=4.6.0,<=4.6.11)", "pytest (>=4.6.0,<=6.1.2)", "pytest (>=6.2.5)", "pytest-cov (>=2.8.1)", "pytest-cov (>=2.8.1)", "pytest-cov (>=2.9.0)", "pytest-cov (>=3.0.0)", "ubelt (>=1.3.3)", "xdoctest (>=1.1.1)"]
tests-strict = ["IPython (==7.14.0)", "IPython (==7.18.0)", "IPython (==8.12.2)", "IPython (==8.14.0)", "coverage[toml] (==5.3)", "pytest (==4.6.0)", "pytest (==4.6.0)", "pytest (==4.6.0)", "pytest (==4.6.0)", "pytest (==4.6.0)", "pytest (==6.2.5)", "pytest-cov (==2.8.1)", "pytest-cov (==2.8.1)", "pytest-cov (==2.9.0)", "pytest-cov (==3.0.0)", "ubelt (==1.3.3)", "xdoctest (==1.1.1)"]

[[package]]
name = "line-profiler-pycharm"
version = "1.1.0"
description = "PyCharm Line Profiler helper package with which one can visualize profiles from the 'line-profiler' into PyCharm"
category = "main"
optional = false
python-versions = ">=3"

[package.dependencies]
line-profiler = "*"

[[package]]
name = "numpy"
version = "1.25.2"
description = "Fundamental package for array computing in Python"
category = "main"
optional = false
python-versions = ">=3.9"

[[package]]
name = "packaging"
version = "23.1"
description = "Core utilities for Python packages"
category = "main"
optional = false
python-versions = ">=3.7"

[[package]]
name = "pandas"
version = "2.0.3"
description = "Powerful data structures for data analysis, time series, and statistics"
category = "main"
optional = false
python-versions = ">=3.8"

[package.dependencies]
numpy = [
    {version = ">=1.20.3", markers = "python_version < \"3.10\""},
    {version = ">=1.21.0", markers = "python_version >= \"3.10\""},
    {version = ">=1.23.2", markers = "python_version >= \"3.11\""},
]
python-dateutil = ">=2.8.2"
pytz = ">=2020.1"
tzdata = ">=2022.1"

[package.extras]
all = ["PyQt5 (>=5.15.1)", "SQLAlchemy (>=1.4.16)", "beautifulsoup4 (>=4.9.3)", "bottleneck (>=1.3.2)", "brotlipy (>=0.7.0)", "fastparquet (>=0.6.3)", "fsspec (>=2021.07.0)", "gcsfs (>=2021.07.0)", "html5lib (>=1.1)", "hypothesis (>=6.34.2)", "jinja2 (>=3.0.0)", "lxml (>=4.6.3)", "matplotlib (>=3.6.1)", "numba (>=0.53.1)", "numexpr (>=2.7.3)", "odfpy (>=1.4.1)", "openpyxl (>=3.0.7)", "pandas-gbq (>=0.15.0)", "psycopg2 (>=2.8.6)", "pyarrow (>=7.0.0)", "pymysql (>=1.0.2)", "pyreadstat (>=1.1.2)", "pytest (>=7.3.2)", "pytest-asyncio (>=0.17.0)", "pytest-xdist (>=2.2.0)", "python-snappy (>=0.6.0)", "pyxlsb (>=1.0.8)", "qtpy (>=2.2.0)", "s3fs (>=2021.08.0)", "scipy (>=1.7.1)", "tables (>=3.6.1)", "tabulate (>=0.8.9)", "xarray (>=0.21.0)", "xlrd (>=2.0.1)", "xlsxwriter (>=1.4.3)", "zstandard (>=0.15.2)"]
aws = ["s3fs (>=2021.08.0)"]
clipboard = ["PyQt5 (>=5.15.1)", "qtpy (>=2.2.0)"]
compression = ["brotlipy (>=0.7.0)", "python-snappy (>=0.6.0)", "zstandard (>=0.15.2)"]
computation = ["scipy (>=1.7.1)", "xarray (>=0.21.0)"]
excel = ["odfpy (>=1.4.1)", "openpyxl (>=3.0.7)", "pyxlsb (>=1.0.8)", "xlrd (>=2.0.1)", "xlsxwriter (>=1.4.3)"]
feather = ["pyarrow (>=7.0.0)"]
fss = ["fsspec (>=2021.07.0)"]
gcp = ["gcsfs (>=2021.07.0)", "pandas-gbq (>=0.15.0)"]
hdf5 = ["tables (>=3.6.1)"]
html = ["beautifulsoup4 (>=4.9.3)", "html5lib (>=1.1)", "lxml (>=4.6.3)"]
mysql = ["SQLAlchemy (>=1.4.16)", "pymysql (>=1.0.2)"]
output_formatting = ["jinja2 (>=3.0.0)", "tabulate (>=0.8.9)"]
parquet = ["pyarrow (>=7.0.0)"]
performance = ["bottleneck (>=1.3.2)", "numba (>=0.53.1)", "numexpr (>=2.7.1)"]
plot = ["matplotlib (>=3.6.1)"]
postgresql = ["SQLAlchemy (>=1.4.16)", "psycopg2 (>=2.8.6)"]
spss = ["pyreadstat (>=1.1.2)"]
sql-other = ["SQLAlchemy (>=1.4.16)"]
test = ["hypothesis (>=6.34.2)", "pytest (>=7.3.2)", "pytest-asyncio (>=0.17.0)", "pytest-xdist (>=2.2.0)"]
xml = ["lxml (>=4.6.3)"]

[[package]]
name = "pluggy"
version = "1.2.0"
description = "plugin and hook calling mechanisms for python"
category = "main"
optional = false
python-versions = ">=3.7"

[package.extras]
dev = ["pre-commit", "tox"]
testing = ["pytest", "pytest-benchmark"]

[[package]]
name = "pytest"
version = "7.4.0"
description = "pytest: simple powerful testing with Python"
category = "main"
optional = false
python-versions = ">=3.7"

[package.dependencies]
colorama = {version = "*", markers = "sys_platform == \"win32\""}
exceptiongroup = {version = ">=1.0.0rc8", markers = "python_version < \"3.11\""}
iniconfig = "*"
packaging = "*"
pluggy = ">=0.12,<2.0"
tomli = {version = ">=1.0.0", markers = "python_version < \"3.11\""}

[package.extras]
testing = ["argcomplete", "attrs (>=19.2.0)", "hypothesis (>=3.56)", "mock", "nose", "pygments (>=2.7.2)", "requests", "setuptools", "xmlschema"]

[[package]]
name = "python-dateutil"
version = "2.8.2"
description = "Extensions to the standard Python datetime module"
category = "main"
optional = false
python-versions = "!=3.0.*,!=3.1.*,!=3.2.*,>=2.7"

[package.dependencies]
six = ">=1.5"

[[package]]
name = "pytz"
version = "2023.3"
description = "World timezone definitions, modern and historical"
category = "main"
optional = false
python-versions = "*"

[[package]]
name = "six"
version = "1.16.0"
description = "Python 2 and 3 compatibility utilities"
category = "main"
optional = false
python-versions = ">=2.7, !=3.0.*, !=3.1.*, !=3.2.*"

[[package]]
name = "tomli"
version = "2.0.1"
description = "A lil' TOML parser"
category = "main"
optional = false
python-versions = ">=3.7"

[[package]]
name = "tzdata"
version = "2023.3"
description = "Provider of IANA time zone data"
category = "main"
optional = false
python-versions = ">=2"

[metadata]
lock-version = "1.1"
python-versions = "^3.9"
content-hash = "bdec6bf1549612abc8ed1c5aeab320942df885f745d1652daa48f5ee151e87d1"

[metadata.files]
colorama = [
    {file = "colorama-0.4.6-py2.py3-none-any.whl", hash = "sha256:4f1d9991f5acc0ca119f9d443620b77f9d6b33703e51011c16baf57afb285fc6"},
    {file = "colorama-0.4.6.tar.gz", hash = "sha256:08695f5cb7ed6e0531a20572697297273c47b8cae5a63ffc6d6ed5c201be6e44"},
]
exceptiongroup = [
    {file = "exceptiongroup-1.1.3-py3-none-any.whl", hash = "sha256:343280667a4585d195ca1cf9cef84a4e178c4b6cf2274caef9859782b567d5e3"},
    {file = "exceptiongroup-1.1.3.tar.gz", hash = "sha256:097acd85d473d75af5bb98e41b61ff7fe35efe6675e4f9370ec6ec5126d160e9"},
]
iniconfig = [
    {file = "iniconfig-2.0.0-py3-none-any.whl", hash = "sha256:b6a85871a79d2e3b22d2d1b94ac2824226a63c6b741c88f7ae975f18b6778374"},
    {file = "iniconfig-2.0.0.tar.gz", hash = "sha256:2d91e135bf72d31a410b17c16da610a82cb55f6b0477d1a902134b24a455b8b3"},
]
line-profiler = [
    {file = "line_profiler-4.1.0-cp310-cp310-macosx_10_9_x86_64.whl", hash = "sha256:e5986f4ae3b84fe3986bb5079df8f0ff7b1212831508b3ea283a66a0bed29ee4"},
    {file = "line_profiler-4.1.0-cp310-cp310-manylinux_2_17_i686.manylinux2014_i686.whl", hash = "sha256:f3fd75a74687c81a82ef70457050546ebdd64f8dabdf31c3497eeeaa13bedf26"},
    {file = "line_profiler-4.1.0-cp310-cp310-manylinux_2_17_x86_64.manylinux2014_x86_64.whl", hash = "sha256:60de42c5a6d02151d86f115aca6647e44ed47bb46cf2de4ea7718096472f62c9"},
    {file = "line_profiler-4.1.0-cp310-cp310-musllinux_1_1_i686.whl", hash = "sha256:558dd5099188320fd5cfd03b446499155f7b08a4752e4bbc1c940754d981b4a4"},
    {file = "line_profiler-4.1.0-cp310-cp310-musllinux_1_1_x86_64.whl", hash = "sha256:3ce9460d5201b28e42d61f2e4c53f50a962674a599a971f16ce00d8c9f158fa6"},
    {file = "line_profiler-4.1.0-cp310-cp310-win_amd64.whl", hash = "sha256:f220b26e263bacb3c4c39ada33ad6fddeb810e37202b228b8590a993bb558873"},
    {file = "line_profiler-4.1.0-cp311-cp311-macosx_10_9_x86_64.whl", hash = "sha256:9db0d09f982304f74a0dea273b1a55c9c2c6b429e6e5eb0bbf16f3d0c957a6df"},
    {file = "line_profiler-4.1.0-cp311-cp311-manylinux_2_17_i686.manylinux2014_i686.whl", hash = "sha256:361823d5b7a00f4384193f499a6052856ffa5ac15a4885f7d96a193659ca7ea1"},
    {file = "line_profiler-4.1.0-cp311-cp311-manylinux_2_17_x86_64.manylinux2014_x86_64.whl", hash = "sha256:1f79a032554a63181e218cd3eb364afbca4df3dd42abbd876ed4681c99077d2f"},
    {file = "line_profiler-4.1.0-cp311-cp311-musllinux_1_1_i686.whl", hash = "sha256:0001c957fa9e164a481cd65e91928f4fbe521e848b283c72b30f3ce22ac2bb84"},
    {file = "line_profiler-4.1.0-cp311-cp311-musllinux_1_1_x86_64.whl", hash = "sha256:a736cdccf1f97c210c0c4b932cb8b5895f16a73e974ba32dd200c562c888090b"},
    {file = "line_profiler-4.1.0-cp311-cp311-win_amd64.whl", hash = "sha256:13f7b4cee81393ca6dacaeb3ebbfa104841202d6c6c69c800fae1bbde7244cae"},
    {file = "line_profiler-4.1.0-cp36-cp36m-macosx_10_9_x86_64.whl", hash = "sha256:edfc8df182191757316e407f550269d1f58256911a7e8b5ded6f32aa0195ec66"},
    {file = "line_profiler-4.1.0-cp36-cp36m-manylinux_2_17_i686.manylinux2014_i686.whl", hash = "sha256:55bdc109355712d57231a5071592b6c49719914e1d7a9d9153a657508ea17607"},
    {file = "line_profiler-4.1.0-cp36-cp36m-manylinux_2_17_x86_64.manylinux2014_x86_64.whl", hash = "sha256:02208c84e534d56e21454d3d9d7f7e1c313e0d134425f2487a76d283e3294a16"},
    {file = "line_profiler-4.1.0-cp36-cp36m-musllinux_1_1_i686.whl", hash = "sha256:b2dc1423364f4c9bf7abb8bf1e5c18c35c6c4c514b35754ac7bc2e7a4e3618af"},
    {file = "line_profiler-4.1.0-cp36-cp36m-musllinux_1_1_x86_64.whl", hash = "sha256:b9953f0becfdbc11c8f15a314a8d8869a1a475fa94d411d38d42c438b1a5689f"},
    {file = "line_profiler-4.1.0-cp36-cp36m-win_amd64.whl", hash = "sha256:f0194dbb70f63b2d7753d1ba7a5cb96313c4205812a593704f1abea095dd2989"},
    {file = "line_profiler-4.1.0-cp37-cp37m-macosx_10_9_x86_64.whl", hash = "sha256:dc1b53dc4af9b67a9a123592e29176465ad19c1d3d0ec59b684280227bf5f955"},
    {file = "line_profiler-4.1.0-cp37-cp37m-manylinux_2_17_i686.manylinux2014_i686.whl", hash = "sha256:5b1e02f1bec7752a5e4c33dc2f5c7f2dd09d9c4da86c85f7301ed7a3847409ac"},
    {file = "line_profiler-4.1.0-cp37-cp37m-manylinux_2_17_x86_64.manylinux2014_x86_64.whl", hash = "sha256:07d6629e636ca6c15e6fb3800e5ee7c3ce14f1326c1954bceea7574083f0264d"},
    {file = "line_profiler-4.1.0-cp37-cp37m-musllinux_1_1_i686.whl", hash = "sha256:09c71fe28a03c089e64891bb7084a11f58703592fe078b9f565185d25ee28586"},
    {file = "line_profiler-4.1.0-cp37-cp37m-musllinux_1_1_x86_64.whl", hash = "sha256:c7a1a2b99fc99bcdeb6e5e8d7dff27fa382f278b2522b610ead27a3d39c94be5"},
    {file = "line_profiler-4.1.0-cp37-cp37m-win_amd64.whl", hash = "sha256:b0be243fee8b599f0ce55088cb780050dad58f74dce2f6c2e8776d31f9ca9b1d"},
    {file = "line_profiler-4.1.0-cp38-cp38-macosx_10_9_x86_64.whl", hash = "sha256:18b511dd9bfe457c76bebf7c2f486f2896433e83c97aa6fff7686115be6c1ca9"},
    {file = "line_profiler-4.1.0-cp38-cp38-manylinux_2_17_i686.manylinux2014_i686.whl", hash = "sha256:f553f225aac5443bf5cf32040041d08c74f17f408d0eb654dcb29fe8fb657a32"},
    {file = "line_profiler-4.1.0-cp38-cp38-manylinux_2_17_x86_64.manylinux2014_x86_64.whl", hash = "sha256:32866bdebbc322a708d29d4b9f90c606f498d56a55132fcd316fb8ed2aba577c"},
    {file = "line_profiler-4.1.0-cp38-cp38-musllinux_1_1_i686.whl", hash = "sha256:4e20e1c0bf3fd899a54ec74786463c754a852542f2aee9c357344279286a147b"},
    {file = "line_profiler-4.1.0-cp38-cp38-musllinux_1_1_x86_64.whl", hash = "sha256:7debb28f33611aea8c54c86fbb8464ed58cd185bc26c829dc8581cc68b87f276"},
    {file = "line_profiler-4.1.0-cp38-cp38-win_amd64.whl", hash = "sha256:34be7a8f305c7d625f6c40ac465010cd77c92383372869e9ba2fa5d85e4a63ae"},
    {file = "line_profiler-4.1.0-cp39-cp39-macosx_10_9_x86_64.whl", hash = "sha256:950fd857238dd019274d1206b2440de749e631fd9f76f8c9ba6b1374cb0da2fc"},
    {file = "line_profiler-4.1.0-cp39-cp39-manylinux_2_17_i686.manylinux2014_i686.whl", hash = "sha256:23e1aa55a233cd64eb46b769362aab0e3004feabdebb9bf94eb3acea1a204748"},
    {file = "line_profiler-4.1.0-cp39-cp39-manylinux_2_17_x86_64.manylinux2014_x86_64.whl", hash = "sha256:43aacb880d3b25bf47a3c1c1870bbee6ff4e533de5382636431f321a4d5dbe66"},
    {file = "line_profiler-4.1.0-cp39-cp39-musllinux_1_1_i686.whl", hash = "sha256:57adfc47a87d109d304e6463b583fd53b1191c5b663a204b7512a27b460e4ac2"},
    {file = "line_profiler-4.1.0-cp39-cp39-musllinux_1_1_x86_64.whl", hash = "sha256:f6ae40c37744ef97731aae8b4c413ce4d6277733aa5614c3f1e2242716c41b2e"},
    {file = "line_profiler-4.1.0-cp39-cp39-win_amd64.whl", hash = "sha256:a82649c7f50e50c48125386434ca80e718c401bc65080a03ca862ebc4fab0440"},
    {file = "line_profiler-4.1.0.tar.gz", hash = "sha256:dd93444373231e624aee354ceaf29ac35889660923cbf912124c9872cf410127"},
]
line-profiler-pycharm = [
    {file = "line-profiler-pycharm-1.1.0.tar.gz", hash = "sha256:e419de1db1b0ed49213d0b9ee33f99f24f6a2d431c7a76d39361f2c2a031af30"},
    {file = "line_profiler_pycharm-1.1.0-py3-none-any.whl", hash = "sha256:3b9d80571d44685a7c5a01e3985965cd76fe523c22db6250cefb4a75ebd73fc7"},
]
numpy = [
    {file = "numpy-1.25.2-cp310-cp310-macosx_10_9_x86_64.whl", hash = "sha256:db3ccc4e37a6873045580d413fe79b68e47a681af8db2e046f1dacfa11f86eb3"},
    {file = "numpy-1.25.2-cp310-cp310-macosx_11_0_arm64.whl", hash = "sha256:90319e4f002795ccfc9050110bbbaa16c944b1c37c0baeea43c5fb881693ae1f"},
    {file = "numpy-1.25.2-cp310-cp310-manylinux_2_17_aarch64.manylinux2014_aarch64.whl", hash = "sha256:dfe4a913e29b418d096e696ddd422d8a5d13ffba4ea91f9f60440a3b759b0187"},
    {file = "numpy-1.25.2-cp310-cp310-manylinux_2_17_x86_64.manylinux2014_x86_64.whl", hash = "sha256:f08f2e037bba04e707eebf4bc934f1972a315c883a9e0ebfa8a7756eabf9e357"},
    {file = "numpy-1.25.2-cp310-cp310-musllinux_1_1_x86_64.whl", hash = "sha256:bec1e7213c7cb00d67093247f8c4db156fd03075f49876957dca4711306d39c9"},
    {file = "numpy-1.25.2-cp310-cp310-win32.whl", hash = "sha256:7dc869c0c75988e1c693d0e2d5b26034644399dd929bc049db55395b1379e044"},
    {file = "numpy-1.25.2-cp310-cp310-win_amd64.whl", hash = "sha256:834b386f2b8210dca38c71a6e0f4fd6922f7d3fcff935dbe3a570945acb1b545"},
    {file = "numpy-1.25.2-cp311-cp311-macosx_10_9_x86_64.whl", hash = "sha256:c5462d19336db4560041517dbb7759c21d181a67cb01b36ca109b2ae37d32418"},
    {file = "numpy-1.25.2-cp311-cp311-macosx_11_0_arm64.whl", hash = "sha256:c5652ea24d33585ea39eb6a6a15dac87a1206a692719ff45d53c5282e66d4a8f"},
    {file = "numpy-1.25.2-cp311-cp311-manylinux_2_17_aarch64.manylinux2014_aarch64.whl", hash = "sha256:0d60fbae8e0019865fc4784745814cff1c421df5afee233db6d88ab4f14655a2"},
    {file = "numpy-1.25.2-cp311-cp311-manylinux_2_17_x86_64.manylinux2014_x86_64.whl", hash = "sha256:60e7f0f7f6d0eee8364b9a6304c2845b9c491ac706048c7e8cf47b83123b8dbf"},
    {file = "numpy-1.25.2-cp311-cp311-musllinux_1_1_x86_64.whl", hash = "sha256:bb33d5a1cf360304754913a350edda36d5b8c5331a8237268c48f91253c3a364"},
    {file = "numpy-1.25.2-cp311-cp311-win32.whl", hash = "sha256:5883c06bb92f2e6c8181df7b39971a5fb436288db58b5a1c3967702d4278691d"},
    {file = "numpy-1.25.2-cp311-cp311-win_amd64.whl", hash = "sha256:5c97325a0ba6f9d041feb9390924614b60b99209a71a69c876f71052521d42a4"},
    {file = "numpy-1.25.2-cp39-cp39-macosx_10_9_x86_64.whl", hash = "sha256:b79e513d7aac42ae918db3ad1341a015488530d0bb2a6abcbdd10a3a829ccfd3"},
    {file = "numpy-1.25.2-cp39-cp39-macosx_11_0_arm64.whl", hash = "sha256:eb942bfb6f84df5ce05dbf4b46673ffed0d3da59f13635ea9b926af3deb76926"},
    {file = "numpy-1.25.2-cp39-cp39-manylinux_2_17_aarch64.manylinux2014_aarch64.whl", hash = "sha256:3e0746410e73384e70d286f93abf2520035250aad8c5714240b0492a7302fdca"},
    {file = "numpy-1.25.2-cp39-cp39-manylinux_2_17_x86_64.manylinux2014_x86_64.whl", hash = "sha256:d7806500e4f5bdd04095e849265e55de20d8cc4b661b038957354327f6d9b295"},
    {file = "numpy-1.25.2-cp39-cp39-musllinux_1_1_x86_64.whl", hash = "sha256:8b77775f4b7df768967a7c8b3567e309f617dd5e99aeb886fa14dc1a0791141f"},
    {file = "numpy-1.25.2-cp39-cp39-win32.whl", hash = "sha256:2792d23d62ec51e50ce4d4b7d73de8f67a2fd3ea710dcbc8563a51a03fb07b01"},
    {file = "numpy-1.25.2-cp39-cp39-win_amd64.whl", hash = "sha256:76b4115d42a7dfc5d485d358728cdd8719be33cc5ec6ec08632a5d6fca2ed380"},
    {file = "numpy-1.25.2-pp39-pypy39_pp73-macosx_10_9_x86_64.whl", hash = "sha256:1a1329e26f46230bf77b02cc19e900db9b52f398d6722ca853349a782d4cff55"},
    {file = "numpy-1.25.2-pp39-pypy39_pp73-manylinux_2_17_x86_64.manylinux2014_x86_64.whl", hash = "sha256:4c3abc71e8b6edba80a01a52e66d83c5d14433cbcd26a40c329ec7ed09f37901"},
    {file = "numpy-1.25.2-pp39-pypy39_pp73-win_amd64.whl", hash = "sha256:1b9735c27cea5d995496f46a8b1cd7b408b3f34b6d50459d9ac8fe3a20cc17bf"},
    {file = "numpy-1.25.2.tar.gz", hash = "sha256:fd608e19c8d7c55021dffd43bfe5492fab8cc105cc8986f813f8c3c048b38760"},
]
packaging = [
    {file = "packaging-23.1-py3-none-any.whl", hash = "sha256:994793af429502c4ea2ebf6bf664629d07c1a9fe974af92966e4b8d2df7edc61"},
    {file = "packaging-23.1.tar.gz", hash = "sha256:a392980d2b6cffa644431898be54b0045151319d1e7ec34f0cfed48767dd334f"},
]
pandas = [
    {file = "pandas-2.0.3-cp310-cp310-macosx_10_9_x86_64.whl", hash = "sha256:e4c7c9f27a4185304c7caf96dc7d91bc60bc162221152de697c98eb0b2648dd8"},
    {file = "pandas-2.0.3-cp310-cp310-macosx_11_0_arm64.whl", hash = "sha256:f167beed68918d62bffb6ec64f2e1d8a7d297a038f86d4aed056b9493fca407f"},
    {file = "pandas-2.0.3-cp310-cp310-manylinux_2_17_aarch64.manylinux2014_aarch64.whl", hash = "sha256:ce0c6f76a0f1ba361551f3e6dceaff06bde7514a374aa43e33b588ec10420183"},
    {file = "pandas-2.0.3-cp310-cp310-manylinux_2_17_x86_64.manylinux2014_x86_64.whl", hash = "sha256:ba619e410a21d8c387a1ea6e8a0e49bb42216474436245718d7f2e88a2f8d7c0"},
    {file = "pandas-2.0.3-cp310-cp310-win32.whl", hash = "sha256:3ef285093b4fe5058eefd756100a367f27029913760773c8bf1d2d8bebe5d210"},
    {file = "pandas-2.0.3-cp310-cp310-win_amd64.whl", hash = "sha256:9ee1a69328d5c36c98d8e74db06f4ad518a1840e8ccb94a4ba86920986bb617e"},
    {file = "pandas-2.0.3-cp311-cp311-macosx_10_9_x86_64.whl", hash = "sha256:b084b91d8d66ab19f5bb3256cbd5ea661848338301940e17f4492b2ce0801fe8"},
    {file = "pandas-2.0.3-cp311-cp311-macosx_11_0_arm64.whl", hash = "sha256:37673e3bdf1551b95bf5d4ce372b37770f9529743d2498032439371fc7b7eb26"},
    {file = "pandas-2.0.3-cp311-cp311-manylinux_2_17_aarch64.manylinux2014_aarch64.whl", hash = "sha256:b9cb1e14fdb546396b7e1b923ffaeeac24e4cedd14266c3497216dd4448e4f2d"},
    {file = "pandas-2.0.3-cp311-cp311-manylinux_2_17_x86_64.manylinux2014_x86_64.whl", hash = "sha256:d9cd88488cceb7635aebb84809d087468eb33551097d600c6dad13602029c2df"},
    {file = "pandas-2.0.3-cp311-cp311-win32.whl", hash = "sha256:694888a81198786f0e164ee3a581df7d505024fbb1f15202fc7db88a71d84ebd"},
    {file = "pandas-2.0.3-cp311-cp311-win_amd64.whl", hash = "sha256:6a21ab5c89dcbd57f78d0ae16630b090eec626360085a4148693def5452d8a6b"},
    {file = "pandas-2.0.3-cp38-cp38-macosx_10_9_x86_64.whl", hash = "sha256:9e4da0d45e7f34c069fe4d522359df7d23badf83abc1d1cef398895822d11061"},
    {file = "pandas-2.0.3-cp38-cp38-macosx_11_0_arm64.whl", hash = "sha256:32fca2ee1b0d93dd71d979726b12b61faa06aeb93cf77468776287f41ff8fdc5"},
    {file = "pandas-2.0.3-cp38-cp38-manylinux_2_17_aarch64.manylinux2014_aarch64.whl", hash = "sha256:258d3624b3ae734490e4d63c430256e716f488c4fcb7c8e9bde2d3aa46c29089"},
    {file = "pandas-2.0.3-cp38-cp38-manylinux_2_17_x86_64.manylinux2014_x86_64.whl", hash = "sha256:9eae3dc34fa1aa7772dd3fc60270d13ced7346fcbcfee017d3132ec625e23bb0"},
    {file = "pandas-2.0.3-cp38-cp38-win32.whl", hash = "sha256:f3421a7afb1a43f7e38e82e844e2bca9a6d793d66c1a7f9f0ff39a795bbc5e02"},
    {file = "pandas-2.0.3-cp38-cp38-win_amd64.whl", hash = "sha256:69d7f3884c95da3a31ef82b7618af5710dba95bb885ffab339aad925c3e8ce78"},
    {file = "pandas-2.0.3-cp39-cp39-macosx_10_9_x86_64.whl", hash = "sha256:5247fb1ba347c1261cbbf0fcfba4a3121fbb4029d95d9ef4dc45406620b25c8b"},
    {file = "pandas-2.0.3-cp39-cp39-macosx_11_0_arm64.whl", hash = "sha256:81af086f4543c9d8bb128328b5d32e9986e0c84d3ee673a2ac6fb57fd14f755e"},
    {file = "pandas-2.0.3-cp39-cp39-manylinux_2_17_aarch64.manylinux2014_aarch64.whl", hash = "sha256:1994c789bf12a7c5098277fb43836ce090f1073858c10f9220998ac74f37c69b"},
    {file = "pandas-2.0.3-cp39-cp39-manylinux_2_17_x86_64.manylinux2014_x86_64.whl", hash = "sha256:5ec591c48e29226bcbb316e0c1e9423622bc7a4eaf1ef7c3c9fa1a3981f89641"},
    {file = "pandas-2.0.3-cp39-cp39-win32.whl", hash = "sha256:04dbdbaf2e4d46ca8da896e1805bc04eb85caa9a82e259e8eed00254d5e0c682"},
    {file = "pandas-2.0.3-cp39-cp39-win_amd64.whl", hash = "sha256:1168574b036cd8b93abc746171c9b4f1b83467438a5e45909fed645cf8692dbc"},
    {file = "pandas-2.0.3.tar.gz", hash = "sha256:c02f372a88e0d17f36d3093a644c73cfc1788e876a7c4bcb4020a77512e2043c"},
]
pluggy = [
    {file = "pluggy-1.2.0-py3-none-any.whl", hash = "sha256:c2fd55a7d7a3863cba1a013e4e2414658b1d07b6bc57b3919e0c63c9abb99849"},
    {file = "pluggy-1.2.0.tar.gz", hash = "sha256:d12f0c4b579b15f5e054301bb226ee85eeeba08ffec228092f8defbaa3a4c4b3"},
]
pytest = [
    {file = "pytest-7.4.0-py3-none-any.whl", hash = "sha256:78bf16451a2eb8c7a2ea98e32dc119fd2aa758f1d5d66dbf0a59d69a3969df32"},
    {file = "pytest-7.4.0.tar.gz", hash = "sha256:b4bf8c45bd59934ed84001ad51e11b4ee40d40a1229d2c79f9c592b0a3f6bd8a"},
]
python-dateutil = [
    {file = "python-dateutil-2.8.2.tar.gz", hash = "sha256:0123cacc1627ae19ddf3c27a5de5bd67ee4586fbdd6440d9748f8abb483d3e86"},
    {file = "python_dateutil-2.8.2-py2.py3-none-any.whl", hash = "sha256:961d03dc3453ebbc59dbdea9e4e11c5651520a876d0f4db161e8674aae935da9"},
]
pytz = [
    {file = "pytz-2023.3-py2.py3-none-any.whl", hash = "sha256:a151b3abb88eda1d4e34a9814df37de2a80e301e68ba0fd856fb9b46bfbbbffb"},
    {file = "pytz-2023.3.tar.gz", hash = "sha256:1d8ce29db189191fb55338ee6d0387d82ab59f3d00eac103412d64e0ebd0c588"},
]
six = [
    {file = "six-1.16.0-py2.py3-none-any.whl", hash = "sha256:8abb2f1d86890a2dfb989f9a77cfcfd3e47c2a354b01111771326f8aa26e0254"},
    {file = "six-1.16.0.tar.gz", hash = "sha256:1e61c37477a1626458e36f7b1d82aa5c9b094fa4802892072e49de9c60c4c926"},
]
tomli = [
    {file = "tomli-2.0.1-py3-none-any.whl", hash = "sha256:939de3e7a6161af0c887ef91b7d41a53e7c5a1ca976325f429cb46ea9bc30ecc"},
    {file = "tomli-2.0.1.tar.gz", hash = "sha256:de526c12914f0c550d15924c62d72abc48d6fe7364aa87328337a31007fe8a4f"},
]
tzdata = [
    {file = "tzdata-2023.3-py2.py3-none-any.whl", hash = "sha256:7e65763eef3120314099b6939b5546db7adce1e7d6f2e179e3df563c70511eda"},
    {file = "tzdata-2023.3.tar.gz", hash = "sha256:11ef1e08e54acb0d4f95bdb1be05da659673de4acbd21bf9c69e94cc5e907a3a"},
]
